{
  "version": 4,
  "terraform_version": "1.15.8",
  "serial": 4,
  "lineage": "67cfeabf-cd2b-50b5-699a-866a55e521ef",
  "outputs": {
    "bucket_name": {
      "value": "habot-d0-raw-landing",
      "type": "string"
    },
    "dataset_name": {
      "value": "d1_staged_enforced",
      "type": "string"
    }
  },
  "resources": [
    {
      "mode": "managed",
      "type": "google_bigquery_dataset",
      "name": "staged_dataset",
      "provider": "provider[\"registry.terraform.io/hashicorp/google\"]",
      "instances": [
        {
          "schema_version": 0,
          "attributes": {
            "access": [
              {
                "condition": [],
                "dataset": [],
                "domain": "",
                "group_by_email": "",
                "iam_member": "",
                "role": "OWNER",
                "routine": [],
                "special_group": "",
                "user_by_email": "soumilibose.1308@gmail.com",
                "view": []
              },
              {
                "condition": [],
                "dataset": [],
                "domain": "",
                "group_by_email": "",
                "iam_member": "",
                "role": "OWNER",
                "routine": [],
                "special_group": "projectOwners",
                "user_by_email": "",
                "view": []
              },
              {
                "condition": [],
                "dataset": [],
                "domain": "",
                "group_by_email": "",
                "iam_member": "",
                "role": "READER",
                "routine": [],
                "special_group": "projectReaders",
                "user_by_email": "",
                "view": []
              },
              {
                "condition": [],
                "dataset": [],
                "domain": "",
                "group_by_email": "",
                "iam_member": "",
                "role": "WRITER",
                "routine": [],
                "special_group": "projectWriters",
                "user_by_email": "",
                "view": []
              }
            ],
            "creation_time": 1785598988446,
            "dataset_id": "d1_staged_enforced",
            "default_collation": "",
            "default_encryption_configuration": [],
            "default_partition_expiration_ms": 5184000000,
            "default_table_expiration_ms": 5184000000,
            "delete_contents_on_destroy": false,
            "description": "BigQuery Dataset for staged validated data",
            "effective_labels": {
              "environment": "staging",
              "goog-terraform-provisioned": "true",
              "project": "habot"
            },
            "etag": "WQzEWjvcoPRIKSLhKST4Rw==",
            "external_catalog_dataset_options": [],
            "external_dataset_reference": [],
            "friendly_name": "D1 Staged Enforced",
            "id": "projects/habot-hiring-project-504212/datasets/d1_staged_enforced",
            "is_case_insensitive": false,
            "labels": {
              "environment": "staging",
              "project": "habot"
            },
            "last_modified_time": 1785598988446,
            "location": "asia-south1",
            "max_time_travel_hours": "168",
            "project": "habot-hiring-project-504212",
            "resource_tags": null,
            "self_link": "https://bigquery.googleapis.com/bigquery/v2/projects/habot-hiring-project-504212/datasets/d1_staged_enforced",
            "storage_billing_model": "",
            "terraform_labels": {
              "environment": "staging",
              "goog-terraform-provisioned": "true",
              "project": "habot"
            },
            "timeouts": null
          },
          "sensitive_attributes": [],
          "identity_schema_version": 0,
          "private": "eyJlMmJmYjczMC1lY2FhLTExZTYtOGY4OC0zNDM2M2JjN2M0YzAiOnsiY3JlYXRlIjoxMjAwMDAwMDAwMDAwLCJkZWxldGUiOjEyMDAwMDAwMDAwMDAsInVwZGF0ZSI6MTIwMDAwMDAwMDAwMH19"
        }
      ]
    },
    {
      "mode": "managed",
      "type": "google_bigquery_dataset_iam_member",
      "name": "dataset_editor",
      "provider": "provider[\"registry.terraform.io/hashicorp/google\"]",
      "instances": [
        {
          "schema_version": 0,
          "attributes": {
            "condition": [],
            "dataset_id": "d1_staged_enforced",
            "etag": "",
            "id": "projects/habot-hiring-project-504212/datasets/d1_staged_enforced/roles/bigquery.dataEditor/serviceAccount:terraform-sa@habot-hiring-project-504212.iam.gserviceaccount.com",
            "member": "serviceAccount:terraform-sa@habot-hiring-project-504212.iam.gserviceaccount.com",
            "project": "habot-hiring-project-504212",
            "role": "roles/bigquery.dataEditor"
          },
          "sensitive_attributes": [],
          "identity_schema_version": 0,
          "private": "bnVsbA==",
          "dependencies": [
            "google_bigquery_dataset.staged_dataset"
          ]
        }
      ]
    }
  ],
  "check_results": null
}
